<?xml version="1.0" encoding="utf-8"?>
<Project ToolsVersion="4.0" xmlns="http://schemas.microsoft.com/developer/msbuild/2003">
  <ItemGroup>
    <Filter Include="來源檔案">
      <UniqueIdentifier>{4FC737F1-C7A5-4376-A066-2A32D752A2FF}</UniqueIdentifier>
      <Extensions>cpp;c;cc;cxx;c++;cppm;ixx;def;odl;idl;hpj;bat;asm;asmx</Extensions>
    </Filter>
    <Filter Include="標頭檔">
      <UniqueIdentifier>{93995380-89BD-4b04-88EB-625FBE52EBFB}</UniqueIdentifier>
      <Extensions>h;hh;hpp;hxx;h++;hm;inl;inc;ipp;xsd</Extensions>
    </Filter>
    <Filter Include="來源檔案\gl3w">
      <UniqueIdentifier>{36a150af-4cb9-40a3-aacd-7e33da57d9d1}</UniqueIdentifier>
    </Filter>
    <Filter Include="來源檔案\realsense">
      <UniqueIdentifier>{637e98e3-1cc5-4676-bbb9-24640ce55dbf}</UniqueIdentifier>
    </Filter>
    <Filter Include="來源檔案\imgui+opengl3">
      <UniqueIdentifier>{1e5ad840-f581-43f5-a716-00b341f4e87f}</UniqueIdentifier>
    </Filter>
    <Filter Include="來源檔案\imgui+opengl3\include">
      <UniqueIdentifier>{7d06e8c8-de46-41b0-8470-536aa793c636}</UniqueIdentifier>
    </Filter>
    <Filter Include="來源檔案\imgui+opengl3\example">
      <UniqueIdentifier>{8750612c-7a4b-4b11-968f-08159df39303}</UniqueIdentifier>
    </Filter>
    <Filter Include="來源檔案\realsense\example">
      <UniqueIdentifier>{8e20ca46-16c4-4684-b158-6d5be138a266}</UniqueIdentifier>
    </Filter>
    <Filter Include="來源檔案\imgui+opengl3\shaders">
      <UniqueIdentifier>{242da6df-a65d-48d4-88bc-57c4077f5cd5}</UniqueIdentifier>
    </Filter>
    <Filter Include="來源檔案\opencv">
      <UniqueIdentifier>{d9880825-8359-4d40-ba57-88f891e6b251}</UniqueIdentifier>
    </Filter>
    <Filter Include="來源檔案\pcl">
      <UniqueIdentifier>{b1958a15-975d-4d27-93ad-0a8fb958c48d}</UniqueIdentifier>
    </Filter>
    <Filter Include="來源檔案\cuda">
      <UniqueIdentifier>{da7ef0ca-6541-46ad-a42d-ca36a1a86fe0}</UniqueIdentifier>
    </Filter>
  </ItemGroup>
  <ItemGroup>
    <ClCompile Include="app.cpp">
      <Filter>來源檔案</Filter>
    </ClCompile>
    <ClCompile Include="src\gl3w\gl3w.c">
      <Filter>來源檔案\gl3w</Filter>
    </ClCompile>
    <ClCompile Include="src\imgui\ImguiOpeGL3App.cpp">
      <Filter>來源檔案\imgui+opengl3</Filter>
    </ClCompile>
    <ClCompile Include="src\imgui\imgui.cpp">
      <Filter>來源檔案\imgui+opengl3\include</Filter>
    </ClCompile>
    <ClCompile Include="src\imgui\imgui_demo.cpp">
      <Filter>來源檔案\imgui+opengl3\include</Filter>
    </ClCompile>
    <ClCompile Include="src\imgui\imgui_draw.cpp">
      <Filter>來源檔案\imgui+opengl3\include</Filter>
    </ClCompile>
    <ClCompile Include="src\imgui\imgui_impl_glfw.cpp">
      <Filter>來源檔案\imgui+opengl3\include</Filter>
    </ClCompile>
    <ClCompile Include="src\imgui\imgui_impl_opengl3.cpp">
      <Filter>來源檔案\imgui+opengl3\include</Filter>
    </ClCompile>
    <ClCompile Include="src\imgui\imgui_tables.cpp">
      <Filter>來源檔案\imgui+opengl3\include</Filter>
    </ClCompile>
    <ClCompile Include="src\imgui\imgui_widgets.cpp">
      <Filter>來源檔案\imgui+opengl3\include</Filter>
    </ClCompile>
    <ClCompile Include="src\imgui\official-example.cpp">
      <Filter>來源檔案\imgui+opengl3\example</Filter>
    </ClCompile>
    <ClCompile Include="src\imgui\shader-example.cpp">
      <Filter>來源檔案\imgui+opengl3\example</Filter>
    </ClCompile>
    <ClCompile Include="src\realsnese\realsense-net-opencv.cpp">
      <Filter>來源檔案\realsense\example</Filter>
    </ClCompile>
    <ClCompile Include="src\imgui\ImguiOpenGL3App_gl.cpp">
      <Filter>來源檔案\imgui+opengl3</Filter>
    </ClCompile>
    <ClCompile Include="src\realsnese\RealsenseDevice.cpp">
      <Filter>來源檔案\realsense</Filter>
    </ClCompile>
    <ClCompile Include="src\opencv\opencv-aruco.cpp">
      <Filter>來源檔案\opencv</Filter>
    </ClCompile>
    <ClCompile Include="src\imgui\ImguiOpenGL3App_glhelper.cpp">
      <Filter>來源檔案\imgui+opengl3</Filter>
    </ClCompile>
    <ClCompile Include="src\pcl\rigid-transforrm-from-points.cpp">
      <Filter>來源檔案\pcl</Filter>
    </ClCompile>
    <ClCompile Include="src\pcl\fast_triangulation_of_unordered_pcd.cpp">
      <Filter>來源檔案\pcl</Filter>
    </ClCompile>
    <ClCompile Include="src\cuda\CudaOpenGLUtils.cpp">
      <Filter>來源檔案\cuda</Filter>
    </ClCompile>
  </ItemGroup>
  <ItemGroup>
    <ClInclude Include="resource.h">
      <Filter>標頭檔</Filter>
    </ClInclude>
    <ClInclude Include="src\gl3w\gl3w.h">
      <Filter>來源檔案\gl3w</Filter>
    </ClInclude>
    <ClInclude Include="src\gl3w\glcorearb.h">
      <Filter>來源檔案\gl3w</Filter>
    </ClInclude>
    <ClInclude Include="src\imgui\ImguiOpeGL3App.h">
      <Filter>來源檔案\imgui+opengl3</Filter>
    </ClInclude>
    <ClInclude Include="src\imgui\imconfig.h">
      <Filter>來源檔案\imgui+opengl3\include</Filter>
    </ClInclude>
    <ClInclude Include="src\imgui\imgui.h">
      <Filter>來源檔案\imgui+opengl3\include</Filter>
    </ClInclude>
    <ClInclude Include="src\imgui\imgui_impl_glfw.h">
      <Filter>來源檔案\imgui+opengl3\include</Filter>
    </ClInclude>
    <ClInclude Include="src\imgui\imgui_impl_opengl3.h">
      <Filter>來源檔案\imgui+opengl3\include</Filter>
    </ClInclude>
    <ClInclude Include="src\imgui\imgui_internal.h">
      <Filter>來源檔案\imgui+opengl3\include</Filter>
    </ClInclude>
    <ClInclude Include="src\imgui\examples.h">
      <Filter>來源檔案\imgui+opengl3\example</Filter>
    </ClInclude>
    <ClInclude Include="src\realsnese\example-realsense.h">
      <Filter>來源檔案\realsense\example</Filter>
    </ClInclude>
    <ClInclude Include="src\realsnese\RealsenseDevice.h">
      <Filter>來源檔案\realsense</Filter>
    </ClInclude>
    <ClInclude Include="src\opencv\opecv-utils.h">
      <Filter>來源檔案\opencv</Filter>
    </ClInclude>
    <ClInclude Include="src\pcl\examples-pcl.h">
      <Filter>來源檔案\pcl</Filter>
    </ClInclude>
    <ClInclude Include="src\cuda\cudaUtils.cuh">
      <Filter>來源檔案\cuda</Filter>
    </ClInclude>
    <ClInclude Include="src\cuda\CudaOpenGLUtils.h">
      <Filter>來源檔案\cuda</Filter>
    </ClInclude>
  </ItemGroup>
  <ItemGroup>
    <None Include="src\imgui\shaders\vertexcolor.fs">
      <Filter>來源檔案\imgui+opengl3\shaders</Filter>
    </None>
    <None Include="src\imgui\shaders\vertexcolor.vs">
      <Filter>來源檔案\imgui+opengl3\shaders</Filter>
    </None>
    <None Include="src\imgui\shaders\texture.vs">
      <Filter>來源檔案\imgui+opengl3\shaders</Filter>
    </None>
    <None Include="src\imgui\shaders\texture.fs">
      <Filter>來源檔案\imgui+opengl3\shaders</Filter>
    </None>
  </ItemGroup>
  <ItemGroup>
    <CudaCompile Include="src\cuda\cudaUtils.cu">
      <Filter>來源檔案\cuda</Filter>
    </CudaCompile>
    <CudaCompile Include="src\cuda\depthMap2pointcloud.cu">
      <Filter>來源檔案\cuda</Filter>
    </CudaCompile>
    <CudaCompile Include="src\cuda\depthMapTriangulate.cu">
      <Filter>來源檔案\cuda</Filter>
    </CudaCompile>
  </ItemGroup>
</Project>