<?xml version="1.0" encoding="utf-8"?>
<Project ToolsVersion="4.0" xmlns="http://schemas.microsoft.com/developer/msbuild/2003">
  <ItemGroup>
    <Filter Include="來源檔案">
      <UniqueIdentifier>{4FC737F1-C7A5-4376-A066-2A32D752A2FF}</UniqueIdentifier>
      <Extensions>cpp;c;cc;cxx;c++;cppm;ixx;def;odl;idl;hpj;bat;asm;asmx</Extensions>
    </Filter>
    <Filter Include="標頭檔">
      <UniqueIdentifier>{93995380-89BD-4b04-88EB-625FBE52EBFB}</UniqueIdentifier>
      <Extensions>h;hh;hpp;hxx;h++;hm;inl;inc;ipp;xsd</Extensions>
    </Filter>
    <Filter Include="來源檔案\gl3w">
      <UniqueIdentifier>{36a150af-4cb9-40a3-aacd-7e33da57d9d1}</UniqueIdentifier>
    </Filter>
    <Filter Include="來源檔案\opencv">
      <UniqueIdentifier>{d9880825-8359-4d40-ba57-88f891e6b251}</UniqueIdentifier>
    </Filter>
    <Filter Include="來源檔案\pcl">
      <UniqueIdentifier>{b1958a15-975d-4d27-93ad-0a8fb958c48d}</UniqueIdentifier>
    </Filter>
    <Filter Include="來源檔案\cuda">
      <UniqueIdentifier>{da7ef0ca-6541-46ad-a42d-ca36a1a86fe0}</UniqueIdentifier>
    </Filter>
    <Filter Include="來源檔案\json">
      <UniqueIdentifier>{e7cf0324-de5a-4dd3-9594-1ff786bdf9b1}</UniqueIdentifier>
    </Filter>
    <Filter Include="來源檔案\virtualcam">
      <UniqueIdentifier>{e5717b43-c38e-4ccd-903a-9aa1b42ff13d}</UniqueIdentifier>
    </Filter>
    <Filter Include="來源檔案\ExtrinsicCalibrator">
      <UniqueIdentifier>{3e997383-904a-485e-92d2-0c802e30ccd1}</UniqueIdentifier>
    </Filter>
    <Filter Include="來源檔案\CameraManager">
      <UniqueIdentifier>{11cfae60-c91f-4f16-8888-33cebb9de818}</UniqueIdentifier>
    </Filter>
    <Filter Include="來源檔案\InputCamera">
      <UniqueIdentifier>{637e98e3-1cc5-4676-bbb9-24640ce55dbf}</UniqueIdentifier>
    </Filter>
    <Filter Include="來源檔案\InputCamera\example">
      <UniqueIdentifier>{8e20ca46-16c4-4684-b158-6d5be138a266}</UniqueIdentifier>
    </Filter>
    <Filter Include="來源檔案\ImguiOpenGL">
      <UniqueIdentifier>{1e5ad840-f581-43f5-a716-00b341f4e87f}</UniqueIdentifier>
    </Filter>
    <Filter Include="來源檔案\ImguiOpenGL\include">
      <UniqueIdentifier>{7d06e8c8-de46-41b0-8470-536aa793c636}</UniqueIdentifier>
    </Filter>
    <Filter Include="來源檔案\ImguiOpenGL\example">
      <UniqueIdentifier>{8750612c-7a4b-4b11-968f-08159df39303}</UniqueIdentifier>
    </Filter>
    <Filter Include="來源檔案\ImguiOpenGL\shaders">
      <UniqueIdentifier>{242da6df-a65d-48d4-88bc-57c4077f5cd5}</UniqueIdentifier>
    </Filter>
  </ItemGroup>
  <ItemGroup>
    <ClCompile Include="app.cpp">
      <Filter>來源檔案</Filter>
    </ClCompile>
    <ClCompile Include="src\gl3w\gl3w.c">
      <Filter>來源檔案\gl3w</Filter>
    </ClCompile>
    <ClCompile Include="src\opencv\opencv-aruco.cpp">
      <Filter>來源檔案\opencv</Filter>
    </ClCompile>
    <ClCompile Include="src\pcl\rigid-transforrm-from-points.cpp">
      <Filter>來源檔案\pcl</Filter>
    </ClCompile>
    <ClCompile Include="src\pcl\fast_triangulation_of_unordered_pcd.cpp">
      <Filter>來源檔案\pcl</Filter>
    </ClCompile>
    <ClCompile Include="src\cuda\CudaOpenGLUtils.cpp">
      <Filter>來源檔案\cuda</Filter>
    </ClCompile>
    <ClCompile Include="src\json\jsonUtils.cpp">
      <Filter>來源檔案\json</Filter>
    </ClCompile>
    <ClCompile Include="src\cuda\CudaGLDepth2PlaneMesh.cpp">
      <Filter>來源檔案\cuda</Filter>
    </ClCompile>
    <ClCompile Include="src\virtualcam\VirtualCam.cpp">
      <Filter>來源檔案\virtualcam</Filter>
    </ClCompile>
    <ClCompile Include="src\ExtrinsicCalibrator\ExtrinsicCalibrator.cpp">
      <Filter>來源檔案\ExtrinsicCalibrator</Filter>
    </ClCompile>
    <ClCompile Include="src\ExtrinsicCalibrator\CorrespondPointCollector.cpp">
      <Filter>來源檔案\ExtrinsicCalibrator</Filter>
    </ClCompile>
    <ClCompile Include="src\CameraManager\CameraGL.cpp">
      <Filter>來源檔案\CameraManager</Filter>
    </ClCompile>
    <ClCompile Include="src\CameraManager\CameraManager.cpp">
      <Filter>來源檔案\CameraManager</Filter>
    </ClCompile>
    <ClCompile Include="src\InputCamera\realsense-net-opencv.cpp">
      <Filter>來源檔案\InputCamera\example</Filter>
    </ClCompile>
    <ClCompile Include="src\InputCamera\JsonData.cpp">
      <Filter>來源檔案\InputCamera</Filter>
    </ClCompile>
    <ClCompile Include="src\InputCamera\Realsense.cpp">
      <Filter>來源檔案\InputCamera</Filter>
    </ClCompile>
    <ClCompile Include="src\ImguiOpenGL\official-example.cpp">
      <Filter>來源檔案\ImguiOpenGL\example</Filter>
    </ClCompile>
    <ClCompile Include="src\ImguiOpenGL\shader-example.cpp">
      <Filter>來源檔案\ImguiOpenGL\example</Filter>
    </ClCompile>
    <ClCompile Include="src\ImguiOpenGL\Imgui\imgui.cpp">
      <Filter>來源檔案\ImguiOpenGL\include</Filter>
    </ClCompile>
    <ClCompile Include="src\ImguiOpenGL\Imgui\imgui_demo.cpp">
      <Filter>來源檔案\ImguiOpenGL\include</Filter>
    </ClCompile>
    <ClCompile Include="src\ImguiOpenGL\Imgui\imgui_draw.cpp">
      <Filter>來源檔案\ImguiOpenGL\include</Filter>
    </ClCompile>
    <ClCompile Include="src\ImguiOpenGL\Imgui\imgui_impl_glfw.cpp">
      <Filter>來源檔案\ImguiOpenGL\include</Filter>
    </ClCompile>
    <ClCompile Include="src\ImguiOpenGL\Imgui\imgui_impl_opengl3.cpp">
      <Filter>來源檔案\ImguiOpenGL\include</Filter>
    </ClCompile>
    <ClCompile Include="src\ImguiOpenGL\Imgui\imgui_tables.cpp">
      <Filter>來源檔案\ImguiOpenGL\include</Filter>
    </ClCompile>
    <ClCompile Include="src\ImguiOpenGL\Imgui\imgui_widgets.cpp">
      <Filter>來源檔案\ImguiOpenGL\include</Filter>
    </ClCompile>
    <ClCompile Include="src\ImguiOpenGL\GLFrameBuffer.cpp">
      <Filter>來源檔案\ImguiOpenGL</Filter>
    </ClCompile>
    <ClCompile Include="src\ImguiOpenGL\GLShader.cpp">
      <Filter>來源檔案\ImguiOpenGL</Filter>
    </ClCompile>
    <ClCompile Include="src\ImguiOpenGL\ImguiOpeGL3App.cpp">
      <Filter>來源檔案\ImguiOpenGL</Filter>
    </ClCompile>
    <ClCompile Include="src\ImguiOpenGL\ImguiOpenGL3App_gl.cpp">
      <Filter>來源檔案\ImguiOpenGL</Filter>
    </ClCompile>
    <ClCompile Include="src\ImguiOpenGL\ImguiOpenGL3App_glhelper.cpp">
      <Filter>來源檔案\ImguiOpenGL</Filter>
    </ClCompile>
    <ClCompile Include="src\InputCamera\AzureKinect.cpp">
      <Filter>來源檔案\InputCamera</Filter>
    </ClCompile>
    <ClCompile Include="src\InputCamera\InputBase.cpp">
      <Filter>來源檔案\InputCamera</Filter>
    </ClCompile>
  </ItemGroup>
  <ItemGroup>
    <ClInclude Include="resource.h">
      <Filter>標頭檔</Filter>
    </ClInclude>
    <ClInclude Include="src\gl3w\gl3w.h">
      <Filter>來源檔案\gl3w</Filter>
    </ClInclude>
    <ClInclude Include="src\gl3w\glcorearb.h">
      <Filter>來源檔案\gl3w</Filter>
    </ClInclude>
    <ClInclude Include="src\opencv\opecv-utils.h">
      <Filter>來源檔案\opencv</Filter>
    </ClInclude>
    <ClInclude Include="src\pcl\examples-pcl.h">
      <Filter>來源檔案\pcl</Filter>
    </ClInclude>
    <ClInclude Include="src\cuda\cudaUtils.cuh">
      <Filter>來源檔案\cuda</Filter>
    </ClInclude>
    <ClInclude Include="src\cuda\CudaOpenGLUtils.h">
      <Filter>來源檔案\cuda</Filter>
    </ClInclude>
    <ClInclude Include="src\json\jsonUtils.h">
      <Filter>來源檔案\json</Filter>
    </ClInclude>
    <ClInclude Include="src\virtualcam\VirtualCam.h">
      <Filter>來源檔案\virtualcam</Filter>
    </ClInclude>
    <ClInclude Include="src\ExtrinsicCalibrator\ExtrinsicCalibrator.h">
      <Filter>來源檔案\ExtrinsicCalibrator</Filter>
    </ClInclude>
    <ClInclude Include="src\ExtrinsicCalibrator\CorrespondPointCollector.h">
      <Filter>來源檔案\ExtrinsicCalibrator</Filter>
    </ClInclude>
    <ClInclude Include="src\CameraManager\CameraGL.h">
      <Filter>來源檔案\CameraManager</Filter>
    </ClInclude>
    <ClInclude Include="src\CameraManager\CameraManager.h">
      <Filter>來源檔案\CameraManager</Filter>
    </ClInclude>
    <ClInclude Include="src\InputCamera\example-realsense.h">
      <Filter>來源檔案\InputCamera\example</Filter>
    </ClInclude>
    <ClInclude Include="src\InputCamera\JsonData.h">
      <Filter>來源檔案\InputCamera</Filter>
    </ClInclude>
    <ClInclude Include="src\InputCamera\Realsense.h">
      <Filter>來源檔案\InputCamera</Filter>
    </ClInclude>
    <ClInclude Include="src\ImguiOpenGL\examples.h">
      <Filter>來源檔案\ImguiOpenGL\example</Filter>
    </ClInclude>
    <ClInclude Include="src\ImguiOpenGL\Imgui\imconfig.h">
      <Filter>來源檔案\ImguiOpenGL\include</Filter>
    </ClInclude>
    <ClInclude Include="src\ImguiOpenGL\Imgui\imgui.h">
      <Filter>來源檔案\ImguiOpenGL\include</Filter>
    </ClInclude>
    <ClInclude Include="src\ImguiOpenGL\Imgui\imgui_impl_glfw.h">
      <Filter>來源檔案\ImguiOpenGL\include</Filter>
    </ClInclude>
    <ClInclude Include="src\ImguiOpenGL\Imgui\imgui_impl_opengl3.h">
      <Filter>來源檔案\ImguiOpenGL\include</Filter>
    </ClInclude>
    <ClInclude Include="src\ImguiOpenGL\Imgui\imgui_internal.h">
      <Filter>來源檔案\ImguiOpenGL\include</Filter>
    </ClInclude>
    <ClInclude Include="src\ImguiOpenGL\ImguiOpeGL3App.h">
      <Filter>來源檔案\ImguiOpenGL</Filter>
    </ClInclude>
    <ClInclude Include="src\InputCamera\AzureKinect.h">
      <Filter>來源檔案\InputCamera</Filter>
    </ClInclude>
    <ClInclude Include="src\InputCamera\InputBase.h">
      <Filter>來源檔案\InputCamera</Filter>
    </ClInclude>
  </ItemGroup>
  <ItemGroup>
    <None Include="src\ImguiOpenGL\shaders\projectOnScreen.vs">
      <Filter>來源檔案\ImguiOpenGL\shaders</Filter>
    </None>
    <None Include="src\ImguiOpenGL\shaders\projectPointcloud.fs">
      <Filter>來源檔案\ImguiOpenGL\shaders</Filter>
    </None>
    <None Include="src\ImguiOpenGL\shaders\projectPointcloud.vs">
      <Filter>來源檔案\ImguiOpenGL\shaders</Filter>
    </None>
    <None Include="src\ImguiOpenGL\shaders\projectTexture.fs">
      <Filter>來源檔案\ImguiOpenGL\shaders</Filter>
    </None>
    <None Include="src\ImguiOpenGL\shaders\texture.fs">
      <Filter>來源檔案\ImguiOpenGL\shaders</Filter>
    </None>
    <None Include="src\ImguiOpenGL\shaders\texture.vs">
      <Filter>來源檔案\ImguiOpenGL\shaders</Filter>
    </None>
    <None Include="src\ImguiOpenGL\shaders\vertexcolor.fs">
      <Filter>來源檔案\ImguiOpenGL\shaders</Filter>
    </None>
    <None Include="src\ImguiOpenGL\shaders\vertexcolor.vs">
      <Filter>來源檔案\ImguiOpenGL\shaders</Filter>
    </None>
  </ItemGroup>
  <ItemGroup>
    <CudaCompile Include="src\cuda\cudaUtils.cu">
      <Filter>來源檔案\cuda</Filter>
    </CudaCompile>
    <CudaCompile Include="src\cuda\depthMap2pointcloud.cu">
      <Filter>來源檔案\cuda</Filter>
    </CudaCompile>
    <CudaCompile Include="src\cuda\depthMapTriangulate.cu">
      <Filter>來源檔案\cuda</Filter>
    </CudaCompile>
    <CudaCompile Include="src\cuda\chromakeyBackgroundRemove.cu">
      <Filter>來源檔案\cuda</Filter>
    </CudaCompile>
    <CudaCompile Include="src\cuda\maskErosion.cu">
      <Filter>來源檔案\cuda</Filter>
    </CudaCompile>
    <CudaCompile Include="src\cuda\fillDepthWithDilation.cu">
      <Filter>來源檔案\cuda</Filter>
    </CudaCompile>
    <CudaCompile Include="src\cuda\depthVisualize.cu">
      <Filter>來源檔案\cuda</Filter>
    </CudaCompile>
  </ItemGroup>
</Project>